// !$*UTF8*$!
{
	archiveVersion = 1;
	classes = {
	};
	objectVersion = 46;
	objects = {

/* Begin PBXBuildFile section */
		7E061AEF1CCE52A9009AC210 /* AppDelegate.swift in Sources */ = {isa = PBXBuildFile; fileRef = 7E061AEE1CCE52A9009AC210 /* AppDelegate.swift */; };
		7E061AF11CCE52A9009AC210 /* ViewController.swift in Sources */ = {isa = PBXBuildFile; fileRef = 7E061AF01CCE52A9009AC210 /* ViewController.swift */; };
		7E061AF31CCE52A9009AC210 /* Assets.xcassets in Resources */ = {isa = PBXBuildFile; fileRef = 7E061AF21CCE52A9009AC210 /* Assets.xcassets */; };
		7E061AF61CCE52A9009AC210 /* Main.storyboard in Resources */ = {isa = PBXBuildFile; fileRef = 7E061AF41CCE52A9009AC210 /* Main.storyboard */; };
/* End PBXBuildFile section */

/* Begin PBXFileReference section */
		7E061AEB1CCE52A9009AC210 /* TableViewProject.app */ = {isa = PBXFileReference; explicitFileType = wrapper.application; includeInIndex = 0; path = TableViewProject.app; sourceTree = BUILT_PRODUCTS_DIR; };
		7E061AEE1CCE52A9009AC210 /* AppDelegate.swift */ = {isa = PBXFileReference; lastKnownFileType = sourcecode.swift; path = AppDelegate.swift; sourceTree = "<group>"; };
		7E061AF01CCE52A9009AC210 /* ViewController.swift */ = {isa = PBXFileReference; lastKnownFileType = sourcecode.swift; path = ViewController.swift; sourceTree = "<group>"; };
		7E061AF21CCE52A9009AC210 /* Assets.xcassets */ = {isa = PBXFileReference; lastKnownFileType = folder.assetcatalog; path = Assets.xcassets; sourceTree = "<group>"; };
		7E061AF51CCE52A9009AC210 /* Base */ = {isa = PBXFileReference; lastKnownFileType = file.storyboard; name = Base; path = Base.lproj/Main.storyboard; sourceTree = "<group>"; };
		7E061AF71CCE52A9009AC210 /* Info.plist */ = {isa = PBXFileReference; lastKnownFileType = text.plist.xml; path = Info.plist; sourceTree = "<group>"; };
/* End PBXFileReference section */

/* Begin PBXFrameworksBuildPhase section */
		7E061AE81CCE52A9009AC210 /* Frameworks */ = {
			isa = PBXFrameworksBuildPhase;
			buildActionMask = 2147483647;
			files = (
			);
			runOnlyForDeploymentPostprocessing = 0;
		};
/* End PBXFrameworksBuildPhase section */

/* Begin PBXGroup section */
		7E061AE21CCE52A9009AC210 = {
			isa = PBXGroup;
			children = (
				7E061AED1CCE52A9009AC210 /* TableViewProject */,
				7E061AEC1CCE52A9009AC210 /* Products */,
			);
			sourceTree = "<group>";
		};
		7E061AEC1CCE52A9009AC210 /* Products */ = {
			isa = PBXGroup;
			children = (
				7E061AEB1CCE52A9009AC210 /* TableViewProject.app */,
			);
			name = Products;
			sourceTree = "<group>";
		};
		7E061AED1CCE52A9009AC210 /* TableViewProject */ = {
			isa = PBXGroup;
			children = (
				7E061AEE1CCE52A9009AC210 /* AppDelegate.swift */,
				7E061AF01CCE52A9009AC210 /* ViewController.swift */,
				7E061AF21CCE52A9009AC210 /* Assets.xcassets */,
				7E061AF41CCE52A9009AC210 /* Main.storyboard */,
				7E061AF71CCE52A9009AC210 /* Info.plist */,
			);
			path = TableViewProject;
			sourceTree = "<group>";
		};
/* End PBXGroup section */

/* Begin PBXNativeTarget section */
		7E061AEA1CCE52A9009AC210 /* TableViewProject */ = {
			isa = PBXNativeTarget;
			buildConfigurationList = 7E061AFA1CCE52A9009AC210 /* Build configuration list for PBXNativeTarget "TableViewProject" */;
			buildPhases = (
				7E061AE71CCE52A9009AC210 /* Sources */,
				7E061AE81CCE52A9009AC210 /* Frameworks */,
				7E061AE91CCE52A9009AC210 /* Resources */,
			);
			buildRules = (
			);
			dependencies = (
			);
			name = TableViewProject;
			productName = TableViewProject;
			productReference = 7E061AEB1CCE52A9009AC210 /* TableViewProject.app */;
			productType = "com.apple.product-type.application";
		};
/* End PBXNativeTarget section */

/* Begin PBXProject section */
		7E061AE31CCE52A9009AC210 /* Project object */ = {
			isa = PBXProject;
			attributes = {
				LastSwiftUpdateCheck = 0730;
				LastUpgradeCheck = 0730;
				ORGANIZATIONNAME = "Sandro Peham";
				TargetAttributes = {
					7E061AEA1CCE52A9009AC210 = {
						CreatedOnToolsVersion = 7.3;
					};
				};
			};
			buildConfigurationList = 7E061AE61CCE52A9009AC210 /* Build configuration list for PBXProject "TableViewProject" */;
			compatibilityVersion = "Xcode 3.2";
			developmentRegion = English;
			hasScannedForEncodings = 0;
			knownRegions = (
				en,
				Base,
			);
			mainGroup = 7E061AE21CCE52A9009AC210;
			productRefGroup = 7E061AEC1CCE52A9009AC210 /* Products */;
			projectDirPath = "";
			projectRoot = "";
			targets = (
				7E061AEA1CCE52A9009AC210 /* TableViewProject */,
			);
		};
/* End PBXProject section */

/* Begin PBXResourcesBuildPhase section */
		7E061AE91CCE52A9009AC210 /* Resources */ = {
			isa = PBXResourcesBuildPhase;
			buildActionMask = 2147483647;
			files = (
				7E061AF31CCE52A9009AC210 /* Assets.xcassets in Resources */,
				7E061AF61CCE52A9009AC210 /* Main.storyboard in Resources */,
			);
			runOnlyForDeploymentPostprocessing = 0;
		};
/* End PBXResourcesBuildPhase section */

/* Begin PBXSourcesBuildPhase section */
		7E061AE71CCE52A9009AC210 /* Sources */ = {
			isa = PBXSourcesBuildPhase;
			buildActionMask = 2147483647;
			files = (
				7E061AF11CCE52A9009AC210 /* ViewController.swift in Sources */,
				7E061AEF1CCE52A9009AC210 /* AppDelegate.swift in Sources */,
			);
			runOnlyForDeploymentPostprocessing = 0;
		};
/* End PBXSourcesBuildPhase section */

/* Begin PBXVariantGroup section */
		7E061AF41CCE52A9009AC210 /* Main.storyboard */ = {
			isa = PBXVariantGroup;
			children = (
				7E061AF51CCE52A9009AC210 /* Base */,
			);
			name = Main.storyboard;
			sourceTree = "<group>";
		};
/* End PBXVariantGroup section */

/* Begin XCBuildConfiguration section */
		7E061AF81CCE52A9009AC210 /* Debug */ = {
			isa = XCBuildConfiguration;
			buildSettings = {
				ALWAYS_SEARCH_USER_PATHS = NO;
				CLANG_ANALYZER_NONNULL = YES;
				CLANG_CXX_LANGUAGE_STANDARD = "gnu++0x";
				CLANG_CXX_LIBRARY = "libc++";
				CLANG_ENABLE_MODULES = YES;
				CLANG_ENABLE_OBJC_ARC = YES;
				CLANG_WARN_BOOL_CONVERSION = YES;
				CLANG_WARN_CONSTANT_CONVERSION = YES;
				CLANG_WARN_DIRECT_OBJC_ISA_USAGE = YES_ERROR;
				CLANG_WARN_EMPTY_BODY = YES;
				CLANG_WARN_ENUM_CONVERSION = YES;
				CLANG_WARN_INT_CONVERSION = YES;
				CLANG_WARN_OBJC_ROOT_CLASS = YES_ERROR;
				CLANG_WARN_UNREACHABLE_CODE = YES;
				CLANG_WARN__DUPLICATE_METHOD_MATCH = YES;
				CODE_SIGN_IDENTITY = "-";
				COPY_PHASE_STRIP = NO;
				DEBUG_INFORMATION_FORMAT = dwarf;
				ENABLE_STRICT_OBJC_MSGSEND = YES;
				ENABLE_TESTABILITY = YES;
				GCC_C_LANGUAGE_STANDARD = gnu99;
				GCC_DYNAMIC_NO_PIC = NO;
				GCC_NO_COMMON_BLOCKS = YES;
				GCC_OPTIMIZATION_LEVEL = 0;
				GCC_PREPROCESSOR_DEFINITIONS = (
					"DEBUG=1",
					"$(inherited)",
				);
				GCC_WARN_64_TO_32_BIT_CONVERSION = YES;
				GCC_WARN_ABOUT_RETURN_TYPE = YES_ERROR;
				GCC_WARN_UNDECLARED_SELECTOR = YES;
				GCC_WARN_UNINITIALIZED_AUTOS = YES_AGGRESSIVE;
				GCC_WARN_UNUSED_FUNCTION = YES;
				GCC_WARN_UNUSED_VARIABLE = YES;
				MACOSX_DEPLOYMENT_TARGET = 10.11;
				MTL_ENABLE_DEBUG_INFO = YES;
				ONLY_ACTIVE_ARCH = YES;
				SDKROOT = macosx;
				SWIFT_OPTIMIZATION_LEVEL = "-Onone";
			};
			name = Debug;
		};
		7E061AF91CCE52A9009AC210 /* Release */ = {
			isa = XCBuildConfiguration;
			buildSettings = {
				ALWAYS_SEARCH_USER_PATHS = NO;
				CLANG_ANALYZER_NONNULL = YES;
				CLANG_CXX_LANGUAGE_STANDARD = "gnu++0x";
				CLANG_CXX_LIBRARY = "libc++";
				CLANG_ENABLE_MODULES = YES;
				CLANG_ENABLE_OBJC_ARC = YES;
				CLANG_WARN_BOOL_CONVERSION = YES;
				CLANG_WARN_CONSTANT_CONVERSION = YES;
				CLANG_WARN_DIRECT_OBJC_ISA_USAGE = YES_ERROR;
				CLANG_WARN_EMPTY_BODY = YES;
				CLANG_WARN_ENUM_CONVERSION = YES;
				CLANG_WARN_INT_CONVERSION = YES;
				CLANG_WARN_OBJC_ROOT_CLASS = YES_ERROR;
				CLANG_WARN_UNREACHABLE_CODE = YES;
				CLANG_WARN__DUPLICATE_METHOD_MATCH = YES;
				CODE_SIGN_IDENTITY = "-";
				COPY_PHASE_STRIP = NO;
				DEBUG_INFORMATION_FORMAT = "dwarf-with-dsym";
				ENABLE_NS_ASSERTIONS = NO;
				ENABLE_STRICT_OBJC_MSGSEND = YES;
				GCC_C_LANGUAGE_STANDARD = gnu99;
				GCC_NO_COMMON_BLOCKS = YES;
				GCC_WARN_64_TO_32_BIT_CONVERSION = YES;
				GCC_WARN_ABOUT_RETURN_TYPE = YES_ERROR;
				GCC_WARN_UNDECLARED_SELECTOR = YES;
				GCC_WARN_UNINITIALIZED_AUTOS = YES_AGGRESSIVE;
				GCC_WARN_UNUSED_FUNCTION = YES;
				GCC_WARN_UNUSED_VARIABLE = YES;
				MACOSX_DEPLOYMENT_TARGET = 10.11;
				MTL_ENABLE_DEBUG_INFO = NO;
				SDKROOT = macosx;
			};
			name = Release;
		};
		7E061AFB1CCE52A9009AC210 /* Debug */ = {
			isa = XCBuildConfiguration;
			buildSettings = {
				ASSETCATALOG_COMPILER_APPICON_NAME = AppIcon;
				COMBINE_HIDPI_IMAGES = YES;
				INFOPLIST_FILE = TableViewProject/Info.plist;
				LD_RUNPATH_SEARCH_PATHS = "$(inherited) @executable_path/../Frameworks";
				PRODUCT_BUNDLE_IDENTIFIER = sandropeham.development.TableViewProject;
				PRODUCT_NAME = "$(TARGET_NAME)";
			};
			name = Debug;
		};
		7E061AFC1CCE52A9009AC210 /* Release */ = {
			isa = XCBuildConfiguration;
			buildSettings = {
				ASSETCATALOG_COMPILER_APPICON_NAME = AppIcon;
				COMBINE_HIDPI_IMAGES = YES;
				INFOPLIST_FILE = TableViewProject/Info.plist;
				LD_RUNPATH_SEARCH_PATHS = "$(inherited) @executable_path/../Frameworks";
				PRODUCT_BUNDLE_IDENTIFIER = sandropeham.development.TableViewProject;
				PRODUCT_NAME = "$(TARGET_NAME)";
			};
			name = Release;
		};
/* End XCBuildConfiguration section */

/* Begin XCConfigurationList section */
		7E061AE61CCE52A9009AC210 /* Build configuration list for PBXProject "TableViewProject" */ = {
			isa = XCConfigurationList;
			buildConfigurations = (
				7E061AF81CCE52A9009AC210 /* Debug */,
				7E061AF91CCE52A9009AC210 /* Release */,
			);
			defaultConfigurationIsVisible = 0;
			defaultConfigurationName = Release;
		};
		7E061AFA1CCE52A9009AC210 /* Build configuration list for PBXNativeTarget "TableViewProject" */ = {
			isa = XCConfigurationList;
			buildConfigurations = (
				7E061AFB1CCE52A9009AC210 /* Debug */,
				7E061AFC1CCE52A9009AC210 /* Release */,
			);
			defaultConfigurationIsVisible = 0;
		};
/* End XCConfigurationList section */
	};
	rootObject = 7E061AE31CCE52A9009AC210 /* Project object */;
}
